
Microsoft Visual Studio Solution File, Format Version 12.00
# Visual Studio Version 17
VisualStudioVersion = 17.11.35303.130
MinimumVisualStudioVersion = 10.0.40219.1
Project("{FAE04EC0-301F-11D3-BF4B-00C04F79EFBC}") = "Gestion_Inventario", "Gestion_Inventario\Gestion_Inventario.csproj", "{8667F381-BD56-4C7F-99FD-4560E4839DA8}"
EndProject
Global
	GlobalSection(SolutionConfigurationPlatforms) = preSolution
		Debug|Any CPU = Debug|Any CPU
		Release|Any CPU = Release|Any CPU
	EndGlobalSection
	GlobalSection(ProjectConfigurationPlatforms) = postSolution
		{8667F381-BD56-4C7F-99FD-4560E4839DA8}.Debug|Any CPU.ActiveCfg = Debug|Any CPU
		{8667F381-BD56-4C7F-99FD-4560E4839DA8}.Debug|Any CPU.Build.0 = Debug|Any CPU
		{8667F381-BD56-4C7F-99FD-4560E4839DA8}.Release|Any CPU.ActiveCfg = Release|Any CPU
		{8667F381-BD56-4C7F-99FD-4560E4839DA8}.Release|Any CPU.Build.0 = Release|Any CPU
	EndGlobalSection
	GlobalSection(SolutionProperties) = preSolution
		HideSolutionNode = FALSE
	EndGlobalSection
	GlobalSection(ExtensibilityGlobals) = postSolution
		SolutionGuid = {BF45588D-DCAA-4D49-A5A3-DF50C559A684}
	EndGlobalSection
EndGlobal
